
Microsoft Visual Studio Solution File, Format Version 12.00
# Visual Studio Version 17
VisualStudioVersion = 17.2.32526.322
MinimumVisualStudioVersion = 10.0.40219.1
Project("{FAE04EC0-301F-11D3-BF4B-00C04F79EFBC}") = "Verstka", "Verstka\Verstka.csproj", "{BA4A1B04-CC40-47EB-BFAD-630A65F35C17}"
EndProject
Global
	GlobalSection(SolutionConfigurationPlatforms) = preSolution
		Debug|Any CPU = Debug|Any CPU
		Release|Any CPU = Release|Any CPU
	EndGlobalSection
	GlobalSection(ProjectConfigurationPlatforms) = postSolution
		{BA4A1B04-CC40-47EB-BFAD-630A65F35C17}.Debug|Any CPU.ActiveCfg = Debug|Any CPU
		{BA4A1B04-CC40-47EB-BFAD-630A65F35C17}.Debug|Any CPU.Build.0 = Debug|Any CPU
		{BA4A1B04-CC40-47EB-BFAD-630A65F35C17}.Release|Any CPU.ActiveCfg = Release|Any CPU
		{BA4A1B04-CC40-47EB-BFAD-630A65F35C17}.Release|Any CPU.Build.0 = Release|Any CPU
	EndGlobalSection
	GlobalSection(SolutionProperties) = preSolution
		HideSolutionNode = FALSE
	EndGlobalSection
	GlobalSection(ExtensibilityGlobals) = postSolution
		SolutionGuid = {6434A522-5F64-4FE4-BE32-21BE9D409E95}
	EndGlobalSection
EndGlobal
